<?xml version="1.0" encoding="utf-8"?>
<Project ToolsVersion="16.0" xmlns="http://schemas.microsoft.com/developer/msbuild/2003">
  <ItemGroup>
    <ClCompile Include="E:\RayTracing\ray-tracing\deps\glad_gl.c">
      <Filter>Source Files</Filter>
    </ClCompile>
    <ClCompile Include="E:\RayTracing\ray-tracing\RayTracingTest\Camera.cpp">
      <Filter>Source Files</Filter>
    </ClCompile>
    <ClCompile Include="E:\RayTracing\ray-tracing\RayTracingTest\CameraOrbitControl.cpp">
      <Filter>Source Files</Filter>
    </ClCompile>
    <ClCompile Include="E:\RayTracing\ray-tracing\RayTracingTest\CameraOrbitControls.cpp">
      <Filter>Source Files</Filter>
    </ClCompile>
    <ClCompile Include="E:\RayTracing\ray-tracing\RayTracingTest\DirectionalLight.cpp">
      <Filter>Source Files</Filter>
    </ClCompile>
    <ClCompile Include="E:\RayTracing\ray-tracing\RayTracingTest\Mesh.cpp">
      <Filter>Source Files</Filter>
    </ClCompile>
    <ClCompile Include="E:\RayTracing\ray-tracing\RayTracingTest\Model.cpp">
      <Filter>Source Files</Filter>
    </ClCompile>
    <ClCompile Include="E:\RayTracing\ray-tracing\RayTracingTest\RayTracingTest.cpp">
      <Filter>Source Files</Filter>
    </ClCompile>
    <ClCompile Include="E:\RayTracing\ray-tracing\RayTracingTest\Scene.cpp">
      <Filter>Source Files</Filter>
    </ClCompile>
    <ClCompile Include="E:\RayTracing\ray-tracing\RayTracingTest\ShaderManager.cpp">
      <Filter>Source Files</Filter>
    </ClCompile>
    <ClCompile Include="E:\RayTracing\ray-tracing\RayTracingTest\stb_image.cpp">
      <Filter>Source Files</Filter>
    </ClCompile>
    <ClCompile Include="E:\RayTracing\ray-tracing\RayTracingTest\Texture.cpp">
      <Filter>Source Files</Filter>
    </ClCompile>
  </ItemGroup>
  <ItemGroup>
    <ClInclude Include="E:\RayTracing\ray-tracing\RayTracingTest\Camera.h">
      <Filter>Header Files</Filter>
    </ClInclude>
    <ClInclude Include="E:\RayTracing\ray-tracing\RayTracingTest\CameraOrbitControl.h">
      <Filter>Header Files</Filter>
    </ClInclude>
    <ClInclude Include="E:\RayTracing\ray-tracing\RayTracingTest\Mesh.h">
      <Filter>Header Files</Filter>
    </ClInclude>
    <ClInclude Include="E:\RayTracing\ray-tracing\RayTracingTest\Model.h">
      <Filter>Header Files</Filter>
    </ClInclude>
    <ClInclude Include="E:\RayTracing\ray-tracing\RayTracingTest\Scene.h">
      <Filter>Header Files</Filter>
    </ClInclude>
    <ClInclude Include="E:\RayTracing\ray-tracing\RayTracingTest\ShaderManager.h">
      <Filter>Header Files</Filter>
    </ClInclude>
    <ClInclude Include="E:\RayTracing\ray-tracing\RayTracingTest\Texture.h">
      <Filter>Header Files</Filter>
    </ClInclude>
    <ClInclude Include="E:\RayTracing\ray-tracing\RayTracingTest\Utility.h">
      <Filter>Header Files</Filter>
    </ClInclude>
    <ClInclude Include="E:\RayTracing\ray-tracing\RayTracingTest\DirectionalLight.h">
      <Filter>Source Files</Filter>
    </ClInclude>
  </ItemGroup>
  <ItemGroup>
    <CustomBuild Include="E:\RayTracing\ray-tracing\RayTracingTest\CMakeLists.txt" />
  </ItemGroup>
  <ItemGroup>
    <None Include="E:\RayTracing\ray-tracing\RayTracingTest\shader\fragment.fs">
      <Filter>Resource Files</Filter>
    </None>
    <None Include="E:\RayTracing\ray-tracing\RayTracingTest\shader\vertex.vs">
      <Filter>Resource Files</Filter>
    </None>
  </ItemGroup>
  <ItemGroup>
    <Filter Include="Header Files">
      <UniqueIdentifier>{4AB00562-AFF2-39B6-88CA-2248F74BC4EF}</UniqueIdentifier>
    </Filter>
    <Filter Include="Resource Files">
      <UniqueIdentifier>{856DF421-7702-3363-83AC-C405AF645A4E}</UniqueIdentifier>
    </Filter>
    <Filter Include="Source Files">
      <UniqueIdentifier>{63E6A579-7DF3-3CAE-A686-CE86153FEF25}</UniqueIdentifier>
    </Filter>
  </ItemGroup>
</Project>
